
Microsoft Visual Studio Solution File, Format Version 12.00
# Visual Studio Version 17
VisualStudioVersion = 17.10.35027.167
MinimumVisualStudioVersion = 10.0.40219.1
Project("{9A19103F-16F7-4668-BE54-9A1E7A4F7556}") = "DeleGate", "DeleGate.csproj", "{9CA6870B-2FE4-4149-B96F-AAFE281DA475}"
EndProject
Project("{9A19103F-16F7-4668-BE54-9A1E7A4F7556}") = "Additional", "..\method\Additional.csproj", "{2DA2FE71-36CD-4061-82F7-C7AFE85695D9}"
EndProject
Project("{9A19103F-16F7-4668-BE54-9A1E7A4F7556}") = "DataStructure", "..\DataStructure\DataStructure.csproj", "{6330D1E5-DA81-4AB7-B9CC-224DB2789A80}"
EndProject
Project("{9A19103F-16F7-4668-BE54-9A1E7A4F7556}") = "List", "..\List\List.csproj", "{D43687D2-5411-4529-B682-8ECD9F2C70FE}"
EndProject
Project("{9A19103F-16F7-4668-BE54-9A1E7A4F7556}") = "Stack", "..\Stack\Stack.csproj", "{96241206-730F-4AB7-91BB-3057CDB9E498}"
EndProject
Project("{FAE04EC0-301F-11D3-BF4B-00C04F79EFBC}") = "Dictioononary", "..\Dictioononary\Dictioononary.csproj", "{E54646B4-A6F3-4C21-8AD9-09ACEFAFD48E}"
EndProject
Global
	GlobalSection(SolutionConfigurationPlatforms) = preSolution
		Debug|Any CPU = Debug|Any CPU
		Release|Any CPU = Release|Any CPU
	EndGlobalSection
	GlobalSection(ProjectConfigurationPlatforms) = postSolution
		{9CA6870B-2FE4-4149-B96F-AAFE281DA475}.Debug|Any CPU.ActiveCfg = Debug|Any CPU
		{9CA6870B-2FE4-4149-B96F-AAFE281DA475}.Debug|Any CPU.Build.0 = Debug|Any CPU
		{9CA6870B-2FE4-4149-B96F-AAFE281DA475}.Release|Any CPU.ActiveCfg = Release|Any CPU
		{9CA6870B-2FE4-4149-B96F-AAFE281DA475}.Release|Any CPU.Build.0 = Release|Any CPU
		{2DA2FE71-36CD-4061-82F7-C7AFE85695D9}.Debug|Any CPU.ActiveCfg = Debug|Any CPU
		{2DA2FE71-36CD-4061-82F7-C7AFE85695D9}.Debug|Any CPU.Build.0 = Debug|Any CPU
		{2DA2FE71-36CD-4061-82F7-C7AFE85695D9}.Release|Any CPU.ActiveCfg = Release|Any CPU
		{2DA2FE71-36CD-4061-82F7-C7AFE85695D9}.Release|Any CPU.Build.0 = Release|Any CPU
		{6330D1E5-DA81-4AB7-B9CC-224DB2789A80}.Debug|Any CPU.ActiveCfg = Debug|Any CPU
		{6330D1E5-DA81-4AB7-B9CC-224DB2789A80}.Debug|Any CPU.Build.0 = Debug|Any CPU
		{6330D1E5-DA81-4AB7-B9CC-224DB2789A80}.Release|Any CPU.ActiveCfg = Release|Any CPU
		{6330D1E5-DA81-4AB7-B9CC-224DB2789A80}.Release|Any CPU.Build.0 = Release|Any CPU
		{D43687D2-5411-4529-B682-8ECD9F2C70FE}.Debug|Any CPU.ActiveCfg = Debug|Any CPU
		{D43687D2-5411-4529-B682-8ECD9F2C70FE}.Debug|Any CPU.Build.0 = Debug|Any CPU
		{D43687D2-5411-4529-B682-8ECD9F2C70FE}.Release|Any CPU.ActiveCfg = Release|Any CPU
		{D43687D2-5411-4529-B682-8ECD9F2C70FE}.Release|Any CPU.Build.0 = Release|Any CPU
		{96241206-730F-4AB7-91BB-3057CDB9E498}.Debug|Any CPU.ActiveCfg = Debug|Any CPU
		{96241206-730F-4AB7-91BB-3057CDB9E498}.Debug|Any CPU.Build.0 = Debug|Any CPU
		{96241206-730F-4AB7-91BB-3057CDB9E498}.Release|Any CPU.ActiveCfg = Release|Any CPU
		{96241206-730F-4AB7-91BB-3057CDB9E498}.Release|Any CPU.Build.0 = Release|Any CPU
		{E54646B4-A6F3-4C21-8AD9-09ACEFAFD48E}.Debug|Any CPU.ActiveCfg = Debug|Any CPU
		{E54646B4-A6F3-4C21-8AD9-09ACEFAFD48E}.Debug|Any CPU.Build.0 = Debug|Any CPU
		{E54646B4-A6F3-4C21-8AD9-09ACEFAFD48E}.Release|Any CPU.ActiveCfg = Release|Any CPU
		{E54646B4-A6F3-4C21-8AD9-09ACEFAFD48E}.Release|Any CPU.Build.0 = Release|Any CPU
	EndGlobalSection
	GlobalSection(SolutionProperties) = preSolution
		HideSolutionNode = FALSE
	EndGlobalSection
	GlobalSection(ExtensibilityGlobals) = postSolution
		SolutionGuid = {76A4A44A-7EAA-4A84-8452-8CD81E8F85B9}
	EndGlobalSection
EndGlobal
